// !$*UTF8*$!
{
	archiveVersion = 1;
	classes = {
	};
	objectVersion = 50;
	objects = {

/* Begin PBXBuildFile section */
		DB35DB3025AD016200CF1F8C /* Media.xcassets in Resources */ = {isa = PBXBuildFile; fileRef = DB35DB2F25AD016200CF1F8C /* Media.xcassets */; };
		DBB970CF25ADFC46008C6FD1 /* InputViewController.swift in Sources */ = {isa = PBXBuildFile; fileRef = DBB970CE25ADFC46008C6FD1 /* InputViewController.swift */; };
		DBC6A93D25AAF3A0004D4BE6 /* AppDelegate.swift in Sources */ = {isa = PBXBuildFile; fileRef = DBC6A93C25AAF3A0004D4BE6 /* AppDelegate.swift */; };
		DBC6A93F25AAF3A0004D4BE6 /* SceneDelegate.swift in Sources */ = {isa = PBXBuildFile; fileRef = DBC6A93E25AAF3A0004D4BE6 /* SceneDelegate.swift */; };
		DBC6A94625AAF3A2004D4BE6 /* Assets.xcassets in Resources */ = {isa = PBXBuildFile; fileRef = DBC6A94525AAF3A2004D4BE6 /* Assets.xcassets */; };
		DBC6A94925AAF3A2004D4BE6 /* LaunchScreen.storyboard in Resources */ = {isa = PBXBuildFile; fileRef = DBC6A94725AAF3A2004D4BE6 /* LaunchScreen.storyboard */; };
		DBC6A95F25AAF3A2004D4BE6 /* GithubCommitFetcherUITests.swift in Sources */ = {isa = PBXBuildFile; fileRef = DBC6A95E25AAF3A2004D4BE6 /* GithubCommitFetcherUITests.swift */; };
		DBC6A97125AB728E004D4BE6 /* CommitsViewController.swift in Sources */ = {isa = PBXBuildFile; fileRef = DBC6A96E25AAF9B7004D4BE6 /* CommitsViewController.swift */; };
		DBC6A97325AB753B004D4BE6 /* MainNavigationController.swift in Sources */ = {isa = PBXBuildFile; fileRef = DBC6A97225AB753B004D4BE6 /* MainNavigationController.swift */; };
		DBC6A97625ABC8F7004D4BE6 /* CommitFetcher.swift in Sources */ = {isa = PBXBuildFile; fileRef = DBC6A97525ABC8F7004D4BE6 /* CommitFetcher.swift */; };
		DBC6A97925ABCAF8004D4BE6 /* CommitFetcherModel.swift in Sources */ = {isa = PBXBuildFile; fileRef = DBC6A97825ABCAF8004D4BE6 /* CommitFetcherModel.swift */; };
		DBC6A97C25ABD8BC004D4BE6 /* CommitDataCell.swift in Sources */ = {isa = PBXBuildFile; fileRef = DBC6A97B25ABD8BC004D4BE6 /* CommitDataCell.swift */; };
		DBC6A97F25AC363D004D4BE6 /* StringConstants.swift in Sources */ = {isa = PBXBuildFile; fileRef = DBC6A97E25AC363D004D4BE6 /* StringConstants.swift */; };
		DBC6A98125AC3A63004D4BE6 /* ColorConstants.swift in Sources */ = {isa = PBXBuildFile; fileRef = DBC6A98025AC3A63004D4BE6 /* ColorConstants.swift */; };
/* End PBXBuildFile section */

/* Begin PBXContainerItemProxy section */
		DBC6A95B25AAF3A2004D4BE6 /* PBXContainerItemProxy */ = {
			isa = PBXContainerItemProxy;
			containerPortal = DBC6A93125AAF3A0004D4BE6 /* Project object */;
			proxyType = 1;
			remoteGlobalIDString = DBC6A93825AAF3A0004D4BE6;
			remoteInfo = GithubCommitFetcher;
		};
/* End PBXContainerItemProxy section */

/* Begin PBXFileReference section */
		DB35DB2F25AD016200CF1F8C /* Media.xcassets */ = {isa = PBXFileReference; lastKnownFileType = folder.assetcatalog; path = Media.xcassets; sourceTree = "<group>"; };
		DBB970CE25ADFC46008C6FD1 /* InputViewController.swift */ = {isa = PBXFileReference; fileEncoding = 4; lastKnownFileType = sourcecode.swift; path = InputViewController.swift; sourceTree = "<group>"; };
		DBC6A93925AAF3A0004D4BE6 /* GithubCommitFetcher.app */ = {isa = PBXFileReference; explicitFileType = wrapper.application; includeInIndex = 0; path = GithubCommitFetcher.app; sourceTree = BUILT_PRODUCTS_DIR; };
		DBC6A93C25AAF3A0004D4BE6 /* AppDelegate.swift */ = {isa = PBXFileReference; lastKnownFileType = sourcecode.swift; path = AppDelegate.swift; sourceTree = "<group>"; };
		DBC6A93E25AAF3A0004D4BE6 /* SceneDelegate.swift */ = {isa = PBXFileReference; lastKnownFileType = sourcecode.swift; path = SceneDelegate.swift; sourceTree = "<group>"; };
		DBC6A94525AAF3A2004D4BE6 /* Assets.xcassets */ = {isa = PBXFileReference; lastKnownFileType = folder.assetcatalog; path = Assets.xcassets; sourceTree = "<group>"; };
		DBC6A94825AAF3A2004D4BE6 /* Base */ = {isa = PBXFileReference; lastKnownFileType = file.storyboard; name = Base; path = Base.lproj/LaunchScreen.storyboard; sourceTree = "<group>"; };
		DBC6A94A25AAF3A2004D4BE6 /* Info.plist */ = {isa = PBXFileReference; lastKnownFileType = text.plist.xml; path = Info.plist; sourceTree = "<group>"; };
		DBC6A95A25AAF3A2004D4BE6 /* GithubCommitFetcherUITests.xctest */ = {isa = PBXFileReference; explicitFileType = wrapper.cfbundle; includeInIndex = 0; path = GithubCommitFetcherUITests.xctest; sourceTree = BUILT_PRODUCTS_DIR; };
		DBC6A95E25AAF3A2004D4BE6 /* GithubCommitFetcherUITests.swift */ = {isa = PBXFileReference; lastKnownFileType = sourcecode.swift; path = GithubCommitFetcherUITests.swift; sourceTree = "<group>"; };
		DBC6A96025AAF3A2004D4BE6 /* Info.plist */ = {isa = PBXFileReference; lastKnownFileType = text.plist.xml; path = Info.plist; sourceTree = "<group>"; };
		DBC6A96E25AAF9B7004D4BE6 /* CommitsViewController.swift */ = {isa = PBXFileReference; lastKnownFileType = sourcecode.swift; path = CommitsViewController.swift; sourceTree = "<group>"; };
		DBC6A97225AB753B004D4BE6 /* MainNavigationController.swift */ = {isa = PBXFileReference; lastKnownFileType = sourcecode.swift; path = MainNavigationController.swift; sourceTree = "<group>"; };
		DBC6A97525ABC8F7004D4BE6 /* CommitFetcher.swift */ = {isa = PBXFileReference; lastKnownFileType = sourcecode.swift; path = CommitFetcher.swift; sourceTree = "<group>"; };
		DBC6A97825ABCAF8004D4BE6 /* CommitFetcherModel.swift */ = {isa = PBXFileReference; lastKnownFileType = sourcecode.swift; path = CommitFetcherModel.swift; sourceTree = "<group>"; };
		DBC6A97B25ABD8BC004D4BE6 /* CommitDataCell.swift */ = {isa = PBXFileReference; lastKnownFileType = sourcecode.swift; path = CommitDataCell.swift; sourceTree = "<group>"; };
		DBC6A97E25AC363D004D4BE6 /* StringConstants.swift */ = {isa = PBXFileReference; lastKnownFileType = sourcecode.swift; path = StringConstants.swift; sourceTree = "<group>"; };
		DBC6A98025AC3A63004D4BE6 /* ColorConstants.swift */ = {isa = PBXFileReference; lastKnownFileType = sourcecode.swift; path = ColorConstants.swift; sourceTree = "<group>"; };
/* End PBXFileReference section */

/* Begin PBXFrameworksBuildPhase section */
		DBC6A93625AAF3A0004D4BE6 /* Frameworks */ = {
			isa = PBXFrameworksBuildPhase;
			buildActionMask = 2147483647;
			files = (
			);
			runOnlyForDeploymentPostprocessing = 0;
		};
		DBC6A95725AAF3A2004D4BE6 /* Frameworks */ = {
			isa = PBXFrameworksBuildPhase;
			buildActionMask = 2147483647;
			files = (
			);
			runOnlyForDeploymentPostprocessing = 0;
		};
/* End PBXFrameworksBuildPhase section */

/* Begin PBXGroup section */
		DB35DB2E25AD014D00CF1F8C /* Assets */ = {
			isa = PBXGroup;
			children = (
				DB35DB2F25AD016200CF1F8C /* Media.xcassets */,
			);
			path = Assets;
			sourceTree = "<group>";
		};
		DBC6A93025AAF3A0004D4BE6 = {
			isa = PBXGroup;
			children = (
				DBC6A93B25AAF3A0004D4BE6 /* GithubCommitFetcher */,
				DBC6A95D25AAF3A2004D4BE6 /* GithubCommitFetcherUITests */,
				DBC6A93A25AAF3A0004D4BE6 /* Products */,
			);
			sourceTree = "<group>";
		};
		DBC6A93A25AAF3A0004D4BE6 /* Products */ = {
			isa = PBXGroup;
			children = (
				DBC6A93925AAF3A0004D4BE6 /* GithubCommitFetcher.app */,
				DBC6A95A25AAF3A2004D4BE6 /* GithubCommitFetcherUITests.xctest */,
			);
			name = Products;
			sourceTree = "<group>";
		};
		DBC6A93B25AAF3A0004D4BE6 /* GithubCommitFetcher */ = {
			isa = PBXGroup;
			children = (
				DBC6A97025AAF9C0004D4BE6 /* View Controllers */,
				DBC6A97425ABC5F8004D4BE6 /* Networking */,
				DBC6A97A25ABD85C004D4BE6 /* View */,
				DBC6A97725ABCAEC004D4BE6 /* Model */,
				DBC6A97D25AC3619004D4BE6 /* Constants */,
				DBC6A93E25AAF3A0004D4BE6 /* SceneDelegate.swift */,
				DBC6A93C25AAF3A0004D4BE6 /* AppDelegate.swift */,
				DBC6A94525AAF3A2004D4BE6 /* Assets.xcassets */,
				DBC6A94725AAF3A2004D4BE6 /* LaunchScreen.storyboard */,
				DBC6A94A25AAF3A2004D4BE6 /* Info.plist */,
				DB35DB2E25AD014D00CF1F8C /* Assets */,
			);
			path = GithubCommitFetcher;
			sourceTree = "<group>";
		};
		DBC6A95D25AAF3A2004D4BE6 /* GithubCommitFetcherUITests */ = {
			isa = PBXGroup;
			children = (
				DBC6A95E25AAF3A2004D4BE6 /* GithubCommitFetcherUITests.swift */,
				DBC6A96025AAF3A2004D4BE6 /* Info.plist */,
			);
			path = GithubCommitFetcherUITests;
			sourceTree = "<group>";
		};
		DBC6A97025AAF9C0004D4BE6 /* View Controllers */ = {
			isa = PBXGroup;
			children = (
				DBB970CE25ADFC46008C6FD1 /* InputViewController.swift */,
				DBC6A96E25AAF9B7004D4BE6 /* CommitsViewController.swift */,
				DBC6A97225AB753B004D4BE6 /* MainNavigationController.swift */,
			);
			path = "View Controllers";
			sourceTree = "<group>";
		};
		DBC6A97425ABC5F8004D4BE6 /* Networking */ = {
			isa = PBXGroup;
			children = (
				DBC6A97525ABC8F7004D4BE6 /* CommitFetcher.swift */,
			);
			path = Networking;
			sourceTree = "<group>";
		};
		DBC6A97725ABCAEC004D4BE6 /* Model */ = {
			isa = PBXGroup;
			children = (
				DBC6A97825ABCAF8004D4BE6 /* CommitFetcherModel.swift */,
			);
			path = Model;
			sourceTree = "<group>";
		};
		DBC6A97A25ABD85C004D4BE6 /* View */ = {
			isa = PBXGroup;
			children = (
				DBC6A97B25ABD8BC004D4BE6 /* CommitDataCell.swift */,
			);
			path = View;
			sourceTree = "<group>";
		};
		DBC6A97D25AC3619004D4BE6 /* Constants */ = {
			isa = PBXGroup;
			children = (
				DBC6A97E25AC363D004D4BE6 /* StringConstants.swift */,
				DBC6A98025AC3A63004D4BE6 /* ColorConstants.swift */,
			);
			path = Constants;
			sourceTree = "<group>";
		};
/* End PBXGroup section */

/* Begin PBXNativeTarget section */
		DBC6A93825AAF3A0004D4BE6 /* GithubCommitFetcher */ = {
			isa = PBXNativeTarget;
			buildConfigurationList = DBC6A96325AAF3A2004D4BE6 /* Build configuration list for PBXNativeTarget "GithubCommitFetcher" */;
			buildPhases = (
				DBC6A93525AAF3A0004D4BE6 /* Sources */,
				DBC6A93625AAF3A0004D4BE6 /* Frameworks */,
				DBC6A93725AAF3A0004D4BE6 /* Resources */,
			);
			buildRules = (
			);
			dependencies = (
			);
			name = GithubCommitFetcher;
			productName = GithubCommitFetcher;
			productReference = DBC6A93925AAF3A0004D4BE6 /* GithubCommitFetcher.app */;
			productType = "com.apple.product-type.application";
		};
		DBC6A95925AAF3A2004D4BE6 /* GithubCommitFetcherUITests */ = {
			isa = PBXNativeTarget;
			buildConfigurationList = DBC6A96925AAF3A2004D4BE6 /* Build configuration list for PBXNativeTarget "GithubCommitFetcherUITests" */;
			buildPhases = (
				DBC6A95625AAF3A2004D4BE6 /* Sources */,
				DBC6A95725AAF3A2004D4BE6 /* Frameworks */,
				DBC6A95825AAF3A2004D4BE6 /* Resources */,
			);
			buildRules = (
			);
			dependencies = (
				DBC6A95C25AAF3A2004D4BE6 /* PBXTargetDependency */,
			);
			name = GithubCommitFetcherUITests;
			productName = GithubCommitFetcherUITests;
			productReference = DBC6A95A25AAF3A2004D4BE6 /* GithubCommitFetcherUITests.xctest */;
			productType = "com.apple.product-type.bundle.ui-testing";
		};
/* End PBXNativeTarget section */

/* Begin PBXProject section */
		DBC6A93125AAF3A0004D4BE6 /* Project object */ = {
			isa = PBXProject;
			attributes = {
				LastSwiftUpdateCheck = 1170;
				LastUpgradeCheck = 1170;
				ORGANIZATIONNAME = chrchg;
				TargetAttributes = {
					DBC6A93825AAF3A0004D4BE6 = {
						CreatedOnToolsVersion = 11.7;
					};
					DBC6A95925AAF3A2004D4BE6 = {
						CreatedOnToolsVersion = 11.7;
						TestTargetID = DBC6A93825AAF3A0004D4BE6;
					};
				};
			};
			buildConfigurationList = DBC6A93425AAF3A0004D4BE6 /* Build configuration list for PBXProject "GithubCommitFetcher" */;
			compatibilityVersion = "Xcode 9.3";
			developmentRegion = en;
			hasScannedForEncodings = 0;
			knownRegions = (
				en,
				Base,
			);
			mainGroup = DBC6A93025AAF3A0004D4BE6;
			productRefGroup = DBC6A93A25AAF3A0004D4BE6 /* Products */;
			projectDirPath = "";
			projectRoot = "";
			targets = (
				DBC6A93825AAF3A0004D4BE6 /* GithubCommitFetcher */,
				DBC6A95925AAF3A2004D4BE6 /* GithubCommitFetcherUITests */,
			);
		};
/* End PBXProject section */

/* Begin PBXResourcesBuildPhase section */
		DBC6A93725AAF3A0004D4BE6 /* Resources */ = {
			isa = PBXResourcesBuildPhase;
			buildActionMask = 2147483647;
			files = (
				DBC6A94925AAF3A2004D4BE6 /* LaunchScreen.storyboard in Resources */,
				DB35DB3025AD016200CF1F8C /* Media.xcassets in Resources */,
				DBC6A94625AAF3A2004D4BE6 /* Assets.xcassets in Resources */,
			);
			runOnlyForDeploymentPostprocessing = 0;
		};
		DBC6A95825AAF3A2004D4BE6 /* Resources */ = {
			isa = PBXResourcesBuildPhase;
			buildActionMask = 2147483647;
			files = (
			);
			runOnlyForDeploymentPostprocessing = 0;
		};
/* End PBXResourcesBuildPhase section */

/* Begin PBXSourcesBuildPhase section */
		DBC6A93525AAF3A0004D4BE6 /* Sources */ = {
			isa = PBXSourcesBuildPhase;
			buildActionMask = 2147483647;
			files = (
				DBC6A97925ABCAF8004D4BE6 /* CommitFetcherModel.swift in Sources */,
				DBB970CF25ADFC46008C6FD1 /* InputViewController.swift in Sources */,
				DBC6A97F25AC363D004D4BE6 /* StringConstants.swift in Sources */,
				DBC6A98125AC3A63004D4BE6 /* ColorConstants.swift in Sources */,
				DBC6A97C25ABD8BC004D4BE6 /* CommitDataCell.swift in Sources */,
				DBC6A97125AB728E004D4BE6 /* CommitsViewController.swift in Sources */,
				DBC6A93D25AAF3A0004D4BE6 /* AppDelegate.swift in Sources */,
				DBC6A97325AB753B004D4BE6 /* MainNavigationController.swift in Sources */,
				DBC6A97625ABC8F7004D4BE6 /* CommitFetcher.swift in Sources */,
				DBC6A93F25AAF3A0004D4BE6 /* SceneDelegate.swift in Sources */,
			);
			runOnlyForDeploymentPostprocessing = 0;
		};
		DBC6A95625AAF3A2004D4BE6 /* Sources */ = {
			isa = PBXSourcesBuildPhase;
			buildActionMask = 2147483647;
			files = (
				DBC6A95F25AAF3A2004D4BE6 /* GithubCommitFetcherUITests.swift in Sources */,
			);
			runOnlyForDeploymentPostprocessing = 0;
		};
/* End PBXSourcesBuildPhase section */

/* Begin PBXTargetDependency section */
		DBC6A95C25AAF3A2004D4BE6 /* PBXTargetDependency */ = {
			isa = PBXTargetDependency;
			target = DBC6A93825AAF3A0004D4BE6 /* GithubCommitFetcher */;
			targetProxy = DBC6A95B25AAF3A2004D4BE6 /* PBXContainerItemProxy */;
		};
/* End PBXTargetDependency section */

/* Begin PBXVariantGroup section */
		DBC6A94725AAF3A2004D4BE6 /* LaunchScreen.storyboard */ = {
			isa = PBXVariantGroup;
			children = (
				DBC6A94825AAF3A2004D4BE6 /* Base */,
			);
			name = LaunchScreen.storyboard;
			sourceTree = "<group>";
		};
/* End PBXVariantGroup section */

/* Begin XCBuildConfiguration section */
		DBC6A96125AAF3A2004D4BE6 /* Debug */ = {
			isa = XCBuildConfiguration;
			buildSettings = {
				ALWAYS_SEARCH_USER_PATHS = NO;
				CLANG_ANALYZER_NONNULL = YES;
				CLANG_ANALYZER_NUMBER_OBJECT_CONVERSION = YES_AGGRESSIVE;
				CLANG_CXX_LANGUAGE_STANDARD = "gnu++14";
				CLANG_CXX_LIBRARY = "libc++";
				CLANG_ENABLE_MODULES = YES;
				CLANG_ENABLE_OBJC_ARC = YES;
				CLANG_ENABLE_OBJC_WEAK = YES;
				CLANG_WARN_BLOCK_CAPTURE_AUTORELEASING = YES;
				CLANG_WARN_BOOL_CONVERSION = YES;
				CLANG_WARN_COMMA = YES;
				CLANG_WARN_CONSTANT_CONVERSION = YES;
				CLANG_WARN_DEPRECATED_OBJC_IMPLEMENTATIONS = YES;
				CLANG_WARN_DIRECT_OBJC_ISA_USAGE = YES_ERROR;
				CLANG_WARN_DOCUMENTATION_COMMENTS = YES;
				CLANG_WARN_EMPTY_BODY = YES;
				CLANG_WARN_ENUM_CONVERSION = YES;
				CLANG_WARN_INFINITE_RECURSION = YES;
				CLANG_WARN_INT_CONVERSION = YES;
				CLANG_WARN_NON_LITERAL_NULL_CONVERSION = YES;
				CLANG_WARN_OBJC_IMPLICIT_RETAIN_SELF = YES;
				CLANG_WARN_OBJC_LITERAL_CONVERSION = YES;
				CLANG_WARN_OBJC_ROOT_CLASS = YES_ERROR;
				CLANG_WARN_RANGE_LOOP_ANALYSIS = YES;
				CLANG_WARN_STRICT_PROTOTYPES = YES;
				CLANG_WARN_SUSPICIOUS_MOVE = YES;
				CLANG_WARN_UNGUARDED_AVAILABILITY = YES_AGGRESSIVE;
				CLANG_WARN_UNREACHABLE_CODE = YES;
				CLANG_WARN__DUPLICATE_METHOD_MATCH = YES;
				COPY_PHASE_STRIP = NO;
				DEBUG_INFORMATION_FORMAT = dwarf;
				ENABLE_STRICT_OBJC_MSGSEND = YES;
				ENABLE_TESTABILITY = YES;
				GCC_C_LANGUAGE_STANDARD = gnu11;
				GCC_DYNAMIC_NO_PIC = NO;
				GCC_NO_COMMON_BLOCKS = YES;
				GCC_OPTIMIZATION_LEVEL = 0;
				GCC_PREPROCESSOR_DEFINITIONS = (
					"DEBUG=1",
					"$(inherited)",
				);
				GCC_WARN_64_TO_32_BIT_CONVERSION = YES;
				GCC_WARN_ABOUT_RETURN_TYPE = YES_ERROR;
				GCC_WARN_UNDECLARED_SELECTOR = YES;
				GCC_WARN_UNINITIALIZED_AUTOS = YES_AGGRESSIVE;
				GCC_WARN_UNUSED_FUNCTION = YES;
				GCC_WARN_UNUSED_VARIABLE = YES;
				IPHONEOS_DEPLOYMENT_TARGET = 13.7;
				MTL_ENABLE_DEBUG_INFO = INCLUDE_SOURCE;
				MTL_FAST_MATH = YES;
				ONLY_ACTIVE_ARCH = YES;
				SDKROOT = iphoneos;
				SWIFT_ACTIVE_COMPILATION_CONDITIONS = DEBUG;
				SWIFT_OPTIMIZATION_LEVEL = "-Onone";
				SWIFT_VERSION = 5.0;
			};
			name = Debug;
		};
		DBC6A96225AAF3A2004D4BE6 /* Release */ = {
			isa = XCBuildConfiguration;
			buildSettings = {
				ALWAYS_SEARCH_USER_PATHS = NO;
				CLANG_ANALYZER_NONNULL = YES;
				CLANG_ANALYZER_NUMBER_OBJECT_CONVERSION = YES_AGGRESSIVE;
				CLANG_CXX_LANGUAGE_STANDARD = "gnu++14";
				CLANG_CXX_LIBRARY = "libc++";
				CLANG_ENABLE_MODULES = YES;
				CLANG_ENABLE_OBJC_ARC = YES;
				CLANG_ENABLE_OBJC_WEAK = YES;
				CLANG_WARN_BLOCK_CAPTURE_AUTORELEASING = YES;
				CLANG_WARN_BOOL_CONVERSION = YES;
				CLANG_WARN_COMMA = YES;
				CLANG_WARN_CONSTANT_CONVERSION = YES;
				CLANG_WARN_DEPRECATED_OBJC_IMPLEMENTATIONS = YES;
				CLANG_WARN_DIRECT_OBJC_ISA_USAGE = YES_ERROR;
				CLANG_WARN_DOCUMENTATION_COMMENTS = YES;
				CLANG_WARN_EMPTY_BODY = YES;
				CLANG_WARN_ENUM_CONVERSION = YES;
				CLANG_WARN_INFINITE_RECURSION = YES;
				CLANG_WARN_INT_CONVERSION = YES;
				CLANG_WARN_NON_LITERAL_NULL_CONVERSION = YES;
				CLANG_WARN_OBJC_IMPLICIT_RETAIN_SELF = YES;
				CLANG_WARN_OBJC_LITERAL_CONVERSION = YES;
				CLANG_WARN_OBJC_ROOT_CLASS = YES_ERROR;
				CLANG_WARN_RANGE_LOOP_ANALYSIS = YES;
				CLANG_WARN_STRICT_PROTOTYPES = YES;
				CLANG_WARN_SUSPICIOUS_MOVE = YES;
				CLANG_WARN_UNGUARDED_AVAILABILITY = YES_AGGRESSIVE;
				CLANG_WARN_UNREACHABLE_CODE = YES;
				CLANG_WARN__DUPLICATE_METHOD_MATCH = YES;
				COPY_PHASE_STRIP = NO;
				DEBUG_INFORMATION_FORMAT = "dwarf-with-dsym";
				ENABLE_NS_ASSERTIONS = NO;
				ENABLE_STRICT_OBJC_MSGSEND = YES;
				GCC_C_LANGUAGE_STANDARD = gnu11;
				GCC_NO_COMMON_BLOCKS = YES;
				GCC_WARN_64_TO_32_BIT_CONVERSION = YES;
				GCC_WARN_ABOUT_RETURN_TYPE = YES_ERROR;
				GCC_WARN_UNDECLARED_SELECTOR = YES;
				GCC_WARN_UNINITIALIZED_AUTOS = YES_AGGRESSIVE;
				GCC_WARN_UNUSED_FUNCTION = YES;
				GCC_WARN_UNUSED_VARIABLE = YES;
				IPHONEOS_DEPLOYMENT_TARGET = 13.7;
				MTL_ENABLE_DEBUG_INFO = NO;
				MTL_FAST_MATH = YES;
				SDKROOT = iphoneos;
				SWIFT_COMPILATION_MODE = wholemodule;
				SWIFT_OPTIMIZATION_LEVEL = "-O";
				SWIFT_VERSION = 5.0;
				VALIDATE_PRODUCT = YES;
			};
			name = Release;
		};
		DBC6A96425AAF3A2004D4BE6 /* Debug */ = {
			isa = XCBuildConfiguration;
			buildSettings = {
				ASSETCATALOG_COMPILER_APPICON_NAME = AppIcon;
				CODE_SIGN_STYLE = Automatic;
				INFOPLIST_FILE = GithubCommitFetcher/Info.plist;
				LD_RUNPATH_SEARCH_PATHS = (
					"$(inherited)",
					"@executable_path/Frameworks",
				);
				PRODUCT_BUNDLE_IDENTIFIER = com.example.GithubCommitFetcher;
				PRODUCT_NAME = "$(TARGET_NAME)";
				SWIFT_VERSION = 5.0;
				TARGETED_DEVICE_FAMILY = "1,2";
			};
			name = Debug;
		};
		DBC6A96525AAF3A2004D4BE6 /* Release */ = {
			isa = XCBuildConfiguration;
			buildSettings = {
				ASSETCATALOG_COMPILER_APPICON_NAME = AppIcon;
				CODE_SIGN_STYLE = Automatic;
				INFOPLIST_FILE = GithubCommitFetcher/Info.plist;
				LD_RUNPATH_SEARCH_PATHS = (
					"$(inherited)",
					"@executable_path/Frameworks",
				);
				PRODUCT_BUNDLE_IDENTIFIER = com.example.GithubCommitFetcher;
				PRODUCT_NAME = "$(TARGET_NAME)";
				SWIFT_VERSION = 5.0;
				TARGETED_DEVICE_FAMILY = "1,2";
			};
			name = Release;
		};
		DBC6A96A25AAF3A2004D4BE6 /* Debug */ = {
			isa = XCBuildConfiguration;
			buildSettings = {
				ALWAYS_EMBED_SWIFT_STANDARD_LIBRARIES = YES;
				CODE_SIGN_STYLE = Automatic;
				INFOPLIST_FILE = GithubCommitFetcherUITests/Info.plist;
				LD_RUNPATH_SEARCH_PATHS = (
					"$(inherited)",
					"@executable_path/Frameworks",
					"@loader_path/Frameworks",
				);
				PRODUCT_BUNDLE_IDENTIFIER = com.example.GithubCommitFetcherUITests;
				PRODUCT_NAME = "$(TARGET_NAME)";
				SWIFT_VERSION = 5.0;
				TARGETED_DEVICE_FAMILY = "1,2";
				TEST_TARGET_NAME = GithubCommitFetcher;
			};
			name = Debug;
		};
		DBC6A96B25AAF3A2004D4BE6 /* Release */ = {
			isa = XCBuildConfiguration;
			buildSettings = {
				ALWAYS_EMBED_SWIFT_STANDARD_LIBRARIES = YES;
				CODE_SIGN_STYLE = Automatic;
				INFOPLIST_FILE = GithubCommitFetcherUITests/Info.plist;
				LD_RUNPATH_SEARCH_PATHS = (
					"$(inherited)",
					"@executable_path/Frameworks",
					"@loader_path/Frameworks",
				);
				PRODUCT_BUNDLE_IDENTIFIER = com.example.GithubCommitFetcherUITests;
				PRODUCT_NAME = "$(TARGET_NAME)";
				SWIFT_VERSION = 5.0;
				TARGETED_DEVICE_FAMILY = "1,2";
				TEST_TARGET_NAME = GithubCommitFetcher;
			};
			name = Release;
		};
/* End XCBuildConfiguration section */

/* Begin XCConfigurationList section */
		DBC6A93425AAF3A0004D4BE6 /* Build configuration list for PBXProject "GithubCommitFetcher" */ = {
			isa = XCConfigurationList;
			buildConfigurations = (
				DBC6A96125AAF3A2004D4BE6 /* Debug */,
				DBC6A96225AAF3A2004D4BE6 /* Release */,
			);
			defaultConfigurationIsVisible = 0;
			defaultConfigurationName = Release;
		};
		DBC6A96325AAF3A2004D4BE6 /* Build configuration list for PBXNativeTarget "GithubCommitFetcher" */ = {
			isa = XCConfigurationList;
			buildConfigurations = (
				DBC6A96425AAF3A2004D4BE6 /* Debug */,
				DBC6A96525AAF3A2004D4BE6 /* Release */,
			);
			defaultConfigurationIsVisible = 0;
			defaultConfigurationName = Release;
		};
		DBC6A96925AAF3A2004D4BE6 /* Build configuration list for PBXNativeTarget "GithubCommitFetcherUITests" */ = {
			isa = XCConfigurationList;
			buildConfigurations = (
				DBC6A96A25AAF3A2004D4BE6 /* Debug */,
				DBC6A96B25AAF3A2004D4BE6 /* Release */,
			);
			defaultConfigurationIsVisible = 0;
			defaultConfigurationName = Release;
		};
/* End XCConfigurationList section */
	};
	rootObject = DBC6A93125AAF3A0004D4BE6 /* Project object */;
}
